// !$*UTF8*$!
{
	archiveVersion = 1;
	classes = {
	};
	objectVersion = 46;
	objects = {

/* Begin PBXBuildFile section */
		F76796A71F0090BF00B57CFE /* SushiPiece.swift in Sources */ = {isa = PBXBuildFile; fileRef = F76796A61F0090BF00B57CFE /* SushiPiece.swift */; };
		F76796A91F00934300B57CFE /* Character.swift in Sources */ = {isa = PBXBuildFile; fileRef = F76796A81F00934300B57CFE /* Character.swift */; };
		F76796AB1F016EEC00B57CFE /* AnimationActions.sks in Resources */ = {isa = PBXBuildFile; fileRef = F76796AA1F016EEC00B57CFE /* AnimationActions.sks */; };
		F76796AD1F01732700B57CFE /* sfx_swipe.caf in Resources */ = {isa = PBXBuildFile; fileRef = F76796AC1F01732700B57CFE /* sfx_swipe.caf */; };
		F7A91F7E1F008AF4003278EB /* AppDelegate.swift in Sources */ = {isa = PBXBuildFile; fileRef = F7A91F7D1F008AF4003278EB /* AppDelegate.swift */; };
		F7A91F801F008AF4003278EB /* GameScene.sks in Resources */ = {isa = PBXBuildFile; fileRef = F7A91F7F1F008AF4003278EB /* GameScene.sks */; };
		F7A91F821F008AF4003278EB /* Actions.sks in Resources */ = {isa = PBXBuildFile; fileRef = F7A91F811F008AF4003278EB /* Actions.sks */; };
		F7A91F841F008AF4003278EB /* GameScene.swift in Sources */ = {isa = PBXBuildFile; fileRef = F7A91F831F008AF4003278EB /* GameScene.swift */; };
		F7A91F861F008AF4003278EB /* GameViewController.swift in Sources */ = {isa = PBXBuildFile; fileRef = F7A91F851F008AF4003278EB /* GameViewController.swift */; };
		F7A91F891F008AF4003278EB /* Main.storyboard in Resources */ = {isa = PBXBuildFile; fileRef = F7A91F871F008AF4003278EB /* Main.storyboard */; };
		F7A91F8B1F008AF4003278EB /* Assets.xcassets in Resources */ = {isa = PBXBuildFile; fileRef = F7A91F8A1F008AF4003278EB /* Assets.xcassets */; };
		F7A91F8E1F008AF4003278EB /* LaunchScreen.storyboard in Resources */ = {isa = PBXBuildFile; fileRef = F7A91F8C1F008AF4003278EB /* LaunchScreen.storyboard */; };
		F7A91F991F008AF4003278EB /* SushiNekoTests.swift in Sources */ = {isa = PBXBuildFile; fileRef = F7A91F981F008AF4003278EB /* SushiNekoTests.swift */; };
		F7A91FA41F008AF4003278EB /* SushiNekoUITests.swift in Sources */ = {isa = PBXBuildFile; fileRef = F7A91FA31F008AF4003278EB /* SushiNekoUITests.swift */; };
		F7A91FB21F008B34003278EB /* assets.atlas in Resources */ = {isa = PBXBuildFile; fileRef = F7A91FB11F008B34003278EB /* assets.atlas */; };
		F7A91FB41F008BA8003278EB /* SFX in Resources */ = {isa = PBXBuildFile; fileRef = F7A91FB31F008BA8003278EB /* SFX */; };
		F7A91FB61F008C2C003278EB /* MSButtonNode.swift in Sources */ = {isa = PBXBuildFile; fileRef = F7A91FB51F008C2C003278EB /* MSButtonNode.swift */; };
/* End PBXBuildFile section */

/* Begin PBXContainerItemProxy section */
		F7A91F951F008AF4003278EB /* PBXContainerItemProxy */ = {
			isa = PBXContainerItemProxy;
			containerPortal = F7A91F721F008AF4003278EB /* Project object */;
			proxyType = 1;
			remoteGlobalIDString = F7A91F791F008AF4003278EB;
			remoteInfo = SushiNeko;
		};
		F7A91FA01F008AF4003278EB /* PBXContainerItemProxy */ = {
			isa = PBXContainerItemProxy;
			containerPortal = F7A91F721F008AF4003278EB /* Project object */;
			proxyType = 1;
			remoteGlobalIDString = F7A91F791F008AF4003278EB;
			remoteInfo = SushiNeko;
		};
/* End PBXContainerItemProxy section */

/* Begin PBXFileReference section */
		F76796A61F0090BF00B57CFE /* SushiPiece.swift */ = {isa = PBXFileReference; fileEncoding = 4; lastKnownFileType = sourcecode.swift; path = SushiPiece.swift; sourceTree = "<group>"; };
		F76796A81F00934300B57CFE /* Character.swift */ = {isa = PBXFileReference; fileEncoding = 4; lastKnownFileType = sourcecode.swift; path = Character.swift; sourceTree = "<group>"; };
		F76796AA1F016EEC00B57CFE /* AnimationActions.sks */ = {isa = PBXFileReference; lastKnownFileType = file.sks; path = AnimationActions.sks; sourceTree = "<group>"; };
		F76796AC1F01732700B57CFE /* sfx_swipe.caf */ = {isa = PBXFileReference; lastKnownFileType = file; name = sfx_swipe.caf; path = SFX/sfx_swipe.caf; sourceTree = "<group>"; };
		F7A91F7A1F008AF4003278EB /* SushiNeko.app */ = {isa = PBXFileReference; explicitFileType = wrapper.application; includeInIndex = 0; path = SushiNeko.app; sourceTree = BUILT_PRODUCTS_DIR; };
		F7A91F7D1F008AF4003278EB /* AppDelegate.swift */ = {isa = PBXFileReference; lastKnownFileType = sourcecode.swift; path = AppDelegate.swift; sourceTree = "<group>"; };
		F7A91F7F1F008AF4003278EB /* GameScene.sks */ = {isa = PBXFileReference; lastKnownFileType = file.sks; path = GameScene.sks; sourceTree = "<group>"; };
		F7A91F811F008AF4003278EB /* Actions.sks */ = {isa = PBXFileReference; lastKnownFileType = file.sks; path = Actions.sks; sourceTree = "<group>"; };
		F7A91F831F008AF4003278EB /* GameScene.swift */ = {isa = PBXFileReference; lastKnownFileType = sourcecode.swift; path = GameScene.swift; sourceTree = "<group>"; };
		F7A91F851F008AF4003278EB /* GameViewController.swift */ = {isa = PBXFileReference; lastKnownFileType = sourcecode.swift; path = GameViewController.swift; sourceTree = "<group>"; };
		F7A91F881F008AF4003278EB /* Base */ = {isa = PBXFileReference; lastKnownFileType = file.storyboard; name = Base; path = Base.lproj/Main.storyboard; sourceTree = "<group>"; };
		F7A91F8A1F008AF4003278EB /* Assets.xcassets */ = {isa = PBXFileReference; lastKnownFileType = folder.assetcatalog; path = Assets.xcassets; sourceTree = "<group>"; };
		F7A91F8D1F008AF4003278EB /* Base */ = {isa = PBXFileReference; lastKnownFileType = file.storyboard; name = Base; path = Base.lproj/LaunchScreen.storyboard; sourceTree = "<group>"; };
		F7A91F8F1F008AF4003278EB /* Info.plist */ = {isa = PBXFileReference; lastKnownFileType = text.plist.xml; path = Info.plist; sourceTree = "<group>"; };
		F7A91F941F008AF4003278EB /* SushiNekoTests.xctest */ = {isa = PBXFileReference; explicitFileType = wrapper.cfbundle; includeInIndex = 0; path = SushiNekoTests.xctest; sourceTree = BUILT_PRODUCTS_DIR; };
		F7A91F981F008AF4003278EB /* SushiNekoTests.swift */ = {isa = PBXFileReference; lastKnownFileType = sourcecode.swift; path = SushiNekoTests.swift; sourceTree = "<group>"; };
		F7A91F9A1F008AF4003278EB /* Info.plist */ = {isa = PBXFileReference; lastKnownFileType = text.plist.xml; path = Info.plist; sourceTree = "<group>"; };
		F7A91F9F1F008AF4003278EB /* SushiNekoUITests.xctest */ = {isa = PBXFileReference; explicitFileType = wrapper.cfbundle; includeInIndex = 0; path = SushiNekoUITests.xctest; sourceTree = BUILT_PRODUCTS_DIR; };
		F7A91FA31F008AF4003278EB /* SushiNekoUITests.swift */ = {isa = PBXFileReference; lastKnownFileType = sourcecode.swift; path = SushiNekoUITests.swift; sourceTree = "<group>"; };
		F7A91FA51F008AF4003278EB /* Info.plist */ = {isa = PBXFileReference; lastKnownFileType = text.plist.xml; path = Info.plist; sourceTree = "<group>"; };
		F7A91FB11F008B34003278EB /* assets.atlas */ = {isa = PBXFileReference; lastKnownFileType = folder.skatlas; path = assets.atlas; sourceTree = "<group>"; };
		F7A91FB31F008BA8003278EB /* SFX */ = {isa = PBXFileReference; lastKnownFileType = folder; path = SFX; sourceTree = "<group>"; };
		F7A91FB51F008C2C003278EB /* MSButtonNode.swift */ = {isa = PBXFileReference; fileEncoding = 4; lastKnownFileType = sourcecode.swift; path = MSButtonNode.swift; sourceTree = "<group>"; };
/* End PBXFileReference section */

/* Begin PBXFrameworksBuildPhase section */
		F7A91F771F008AF4003278EB /* Frameworks */ = {
			isa = PBXFrameworksBuildPhase;
			buildActionMask = 2147483647;
			files = (
			);
			runOnlyForDeploymentPostprocessing = 0;
		};
		F7A91F911F008AF4003278EB /* Frameworks */ = {
			isa = PBXFrameworksBuildPhase;
			buildActionMask = 2147483647;
			files = (
			);
			runOnlyForDeploymentPostprocessing = 0;
		};
		F7A91F9C1F008AF4003278EB /* Frameworks */ = {
			isa = PBXFrameworksBuildPhase;
			buildActionMask = 2147483647;
			files = (
			);
			runOnlyForDeploymentPostprocessing = 0;
		};
/* End PBXFrameworksBuildPhase section */

/* Begin PBXGroup section */
		F7A91F711F008AF4003278EB = {
			isa = PBXGroup;
			children = (
				F76796AA1F016EEC00B57CFE /* AnimationActions.sks */,
				F7A91F7C1F008AF4003278EB /* SushiNeko */,
				F7A91F971F008AF4003278EB /* SushiNekoTests */,
				F7A91FA21F008AF4003278EB /* SushiNekoUITests */,
				F7A91F7B1F008AF4003278EB /* Products */,
			);
			sourceTree = "<group>";
		};
		F7A91F7B1F008AF4003278EB /* Products */ = {
			isa = PBXGroup;
			children = (
				F7A91F7A1F008AF4003278EB /* SushiNeko.app */,
				F7A91F941F008AF4003278EB /* SushiNekoTests.xctest */,
				F7A91F9F1F008AF4003278EB /* SushiNekoUITests.xctest */,
			);
			name = Products;
			sourceTree = "<group>";
		};
		F7A91F7C1F008AF4003278EB /* SushiNeko */ = {
			isa = PBXGroup;
			children = (
				F7A91F7D1F008AF4003278EB /* AppDelegate.swift */,
				F7A91F7F1F008AF4003278EB /* GameScene.sks */,
				F7A91F811F008AF4003278EB /* Actions.sks */,
				F7A91FB51F008C2C003278EB /* MSButtonNode.swift */,
				F7A91F831F008AF4003278EB /* GameScene.swift */,
				F76796AC1F01732700B57CFE /* sfx_swipe.caf */,
				F76796A81F00934300B57CFE /* Character.swift */,
				F76796A61F0090BF00B57CFE /* SushiPiece.swift */,
				F7A91FB31F008BA8003278EB /* SFX */,
				F7A91F851F008AF4003278EB /* GameViewController.swift */,
				F7A91FB11F008B34003278EB /* assets.atlas */,
				F7A91F871F008AF4003278EB /* Main.storyboard */,
				F7A91F8A1F008AF4003278EB /* Assets.xcassets */,
				F7A91F8C1F008AF4003278EB /* LaunchScreen.storyboard */,
				F7A91F8F1F008AF4003278EB /* Info.plist */,
			);
			path = SushiNeko;
			sourceTree = "<group>";
		};
		F7A91F971F008AF4003278EB /* SushiNekoTests */ = {
			isa = PBXGroup;
			children = (
				F7A91F981F008AF4003278EB /* SushiNekoTests.swift */,
				F7A91F9A1F008AF4003278EB /* Info.plist */,
			);
			path = SushiNekoTests;
			sourceTree = "<group>";
		};
		F7A91FA21F008AF4003278EB /* SushiNekoUITests */ = {
			isa = PBXGroup;
			children = (
				F7A91FA31F008AF4003278EB /* SushiNekoUITests.swift */,
				F7A91FA51F008AF4003278EB /* Info.plist */,
			);
			path = SushiNekoUITests;
			sourceTree = "<group>";
		};
/* End PBXGroup section */

/* Begin PBXNativeTarget section */
		F7A91F791F008AF4003278EB /* SushiNeko */ = {
			isa = PBXNativeTarget;
			buildConfigurationList = F7A91FA81F008AF4003278EB /* Build configuration list for PBXNativeTarget "SushiNeko" */;
			buildPhases = (
				F7A91F761F008AF4003278EB /* Sources */,
				F7A91F771F008AF4003278EB /* Frameworks */,
				F7A91F781F008AF4003278EB /* Resources */,
			);
			buildRules = (
			);
			dependencies = (
			);
			name = SushiNeko;
			productName = SushiNeko;
			productReference = F7A91F7A1F008AF4003278EB /* SushiNeko.app */;
			productType = "com.apple.product-type.application";
		};
		F7A91F931F008AF4003278EB /* SushiNekoTests */ = {
			isa = PBXNativeTarget;
			buildConfigurationList = F7A91FAB1F008AF4003278EB /* Build configuration list for PBXNativeTarget "SushiNekoTests" */;
			buildPhases = (
				F7A91F901F008AF4003278EB /* Sources */,
				F7A91F911F008AF4003278EB /* Frameworks */,
				F7A91F921F008AF4003278EB /* Resources */,
			);
			buildRules = (
			);
			dependencies = (
				F7A91F961F008AF4003278EB /* PBXTargetDependency */,
			);
			name = SushiNekoTests;
			productName = SushiNekoTests;
			productReference = F7A91F941F008AF4003278EB /* SushiNekoTests.xctest */;
			productType = "com.apple.product-type.bundle.unit-test";
		};
		F7A91F9E1F008AF4003278EB /* SushiNekoUITests */ = {
			isa = PBXNativeTarget;
			buildConfigurationList = F7A91FAE1F008AF4003278EB /* Build configuration list for PBXNativeTarget "SushiNekoUITests" */;
			buildPhases = (
				F7A91F9B1F008AF4003278EB /* Sources */,
				F7A91F9C1F008AF4003278EB /* Frameworks */,
				F7A91F9D1F008AF4003278EB /* Resources */,
			);
			buildRules = (
			);
			dependencies = (
				F7A91FA11F008AF4003278EB /* PBXTargetDependency */,
			);
			name = SushiNekoUITests;
			productName = SushiNekoUITests;
			productReference = F7A91F9F1F008AF4003278EB /* SushiNekoUITests.xctest */;
			productType = "com.apple.product-type.bundle.ui-testing";
		};
/* End PBXNativeTarget section */

/* Begin PBXProject section */
		F7A91F721F008AF4003278EB /* Project object */ = {
			isa = PBXProject;
			attributes = {
				LastSwiftUpdateCheck = 0830;
				LastUpgradeCheck = 0830;
				ORGANIZATIONNAME = "Sreehari Ram Mohan";
				TargetAttributes = {
					F7A91F791F008AF4003278EB = {
						CreatedOnToolsVersion = 8.3.3;
						DevelopmentTeam = H9K3EBE8A3;
						ProvisioningStyle = Automatic;
					};
					F7A91F931F008AF4003278EB = {
						CreatedOnToolsVersion = 8.3.3;
						DevelopmentTeam = H9K3EBE8A3;
						ProvisioningStyle = Automatic;
						TestTargetID = F7A91F791F008AF4003278EB;
					};
					F7A91F9E1F008AF4003278EB = {
						CreatedOnToolsVersion = 8.3.3;
						DevelopmentTeam = H9K3EBE8A3;
						ProvisioningStyle = Automatic;
						TestTargetID = F7A91F791F008AF4003278EB;
					};
				};
			};
			buildConfigurationList = F7A91F751F008AF4003278EB /* Build configuration list for PBXProject "SushiNeko" */;
			compatibilityVersion = "Xcode 3.2";
			developmentRegion = English;
			hasScannedForEncodings = 0;
			knownRegions = (
				en,
				Base,
			);
			mainGroup = F7A91F711F008AF4003278EB;
			productRefGroup = F7A91F7B1F008AF4003278EB /* Products */;
			projectDirPath = "";
			projectRoot = "";
			targets = (
				F7A91F791F008AF4003278EB /* SushiNeko */,
				F7A91F931F008AF4003278EB /* SushiNekoTests */,
				F7A91F9E1F008AF4003278EB /* SushiNekoUITests */,
			);
		};
/* End PBXProject section */

/* Begin PBXResourcesBuildPhase section */
		F7A91F781F008AF4003278EB /* Resources */ = {
			isa = PBXResourcesBuildPhase;
			buildActionMask = 2147483647;
			files = (
				F7A91F891F008AF4003278EB /* Main.storyboard in Resources */,
				F7A91F801F008AF4003278EB /* GameScene.sks in Resources */,
				F7A91F8B1F008AF4003278EB /* Assets.xcassets in Resources */,
				F7A91FB41F008BA8003278EB /* SFX in Resources */,
				F76796AD1F01732700B57CFE /* sfx_swipe.caf in Resources */,
				F76796AB1F016EEC00B57CFE /* AnimationActions.sks in Resources */,
				F7A91F8E1F008AF4003278EB /* LaunchScreen.storyboard in Resources */,
				F7A91FB21F008B34003278EB /* assets.atlas in Resources */,
				F7A91F821F008AF4003278EB /* Actions.sks in Resources */,
			);
			runOnlyForDeploymentPostprocessing = 0;
		};
		F7A91F921F008AF4003278EB /* Resources */ = {
			isa = PBXResourcesBuildPhase;
			buildActionMask = 2147483647;
			files = (
			);
			runOnlyForDeploymentPostprocessing = 0;
		};
		F7A91F9D1F008AF4003278EB /* Resources */ = {
			isa = PBXResourcesBuildPhase;
			buildActionMask = 2147483647;
			files = (
			);
			runOnlyForDeploymentPostprocessing = 0;
		};
/* End PBXResourcesBuildPhase section */

/* Begin PBXSourcesBuildPhase section */
		F7A91F761F008AF4003278EB /* Sources */ = {
			isa = PBXSourcesBuildPhase;
			buildActionMask = 2147483647;
			files = (
				F7A91F841F008AF4003278EB /* GameScene.swift in Sources */,
				F7A91F861F008AF4003278EB /* GameViewController.swift in Sources */,
				F7A91F7E1F008AF4003278EB /* AppDelegate.swift in Sources */,
				F76796A91F00934300B57CFE /* Character.swift in Sources */,
				F76796A71F0090BF00B57CFE /* SushiPiece.swift in Sources */,
				F7A91FB61F008C2C003278EB /* MSButtonNode.swift in Sources */,
			);
			runOnlyForDeploymentPostprocessing = 0;
		};
		F7A91F901F008AF4003278EB /* Sources */ = {
			isa = PBXSourcesBuildPhase;
			buildActionMask = 2147483647;
			files = (
				F7A91F991F008AF4003278EB /* SushiNekoTests.swift in Sources */,
			);
			runOnlyForDeploymentPostprocessing = 0;
		};
		F7A91F9B1F008AF4003278EB /* Sources */ = {
			isa = PBXSourcesBuildPhase;
			buildActionMask = 2147483647;
			files = (
				F7A91FA41F008AF4003278EB /* SushiNekoUITests.swift in Sources */,
			);
			runOnlyForDeploymentPostprocessing = 0;
		};
/* End PBXSourcesBuildPhase section */

/* Begin PBXTargetDependency section */
		F7A91F961F008AF4003278EB /* PBXTargetDependency */ = {
			isa = PBXTargetDependency;
			target = F7A91F791F008AF4003278EB /* SushiNeko */;
			targetProxy = F7A91F951F008AF4003278EB /* PBXContainerItemProxy */;
		};
		F7A91FA11F008AF4003278EB /* PBXTargetDependency */ = {
			isa = PBXTargetDependency;
			target = F7A91F791F008AF4003278EB /* SushiNeko */;
			targetProxy = F7A91FA01F008AF4003278EB /* PBXContainerItemProxy */;
		};
/* End PBXTargetDependency section */

/* Begin PBXVariantGroup section */
		F7A91F871F008AF4003278EB /* Main.storyboard */ = {
			isa = PBXVariantGroup;
			children = (
				F7A91F881F008AF4003278EB /* Base */,
			);
			name = Main.storyboard;
			sourceTree = "<group>";
		};
		F7A91F8C1F008AF4003278EB /* LaunchScreen.storyboard */ = {
			isa = PBXVariantGroup;
			children = (
				F7A91F8D1F008AF4003278EB /* Base */,
			);
			name = LaunchScreen.storyboard;
			sourceTree = "<group>";
		};
/* End PBXVariantGroup section */

/* Begin XCBuildConfiguration section */
		F7A91FA61F008AF4003278EB /* Debug */ = {
			isa = XCBuildConfiguration;
			buildSettings = {
				ALWAYS_SEARCH_USER_PATHS = NO;
				CLANG_ANALYZER_NONNULL = YES;
				CLANG_ANALYZER_NUMBER_OBJECT_CONVERSION = YES_AGGRESSIVE;
				CLANG_CXX_LANGUAGE_STANDARD = "gnu++0x";
				CLANG_CXX_LIBRARY = "libc++";
				CLANG_ENABLE_MODULES = YES;
				CLANG_ENABLE_OBJC_ARC = YES;
				CLANG_WARN_BOOL_CONVERSION = YES;
				CLANG_WARN_CONSTANT_CONVERSION = YES;
				CLANG_WARN_DIRECT_OBJC_ISA_USAGE = YES_ERROR;
				CLANG_WARN_DOCUMENTATION_COMMENTS = YES;
				CLANG_WARN_EMPTY_BODY = YES;
				CLANG_WARN_ENUM_CONVERSION = YES;
				CLANG_WARN_INFINITE_RECURSION = YES;
				CLANG_WARN_INT_CONVERSION = YES;
				CLANG_WARN_OBJC_ROOT_CLASS = YES_ERROR;
				CLANG_WARN_SUSPICIOUS_MOVE = YES;
				CLANG_WARN_UNREACHABLE_CODE = YES;
				CLANG_WARN__DUPLICATE_METHOD_MATCH = YES;
				"CODE_SIGN_IDENTITY[sdk=iphoneos*]" = "iPhone Developer";
				COPY_PHASE_STRIP = NO;
				DEBUG_INFORMATION_FORMAT = dwarf;
				ENABLE_STRICT_OBJC_MSGSEND = YES;
				ENABLE_TESTABILITY = YES;
				GCC_C_LANGUAGE_STANDARD = gnu99;
				GCC_DYNAMIC_NO_PIC = NO;
				GCC_NO_COMMON_BLOCKS = YES;
				GCC_OPTIMIZATION_LEVEL = 0;
				GCC_PREPROCESSOR_DEFINITIONS = (
					"DEBUG=1",
					"$(inherited)",
				);
				GCC_WARN_64_TO_32_BIT_CONVERSION = YES;
				GCC_WARN_ABOUT_RETURN_TYPE = YES_ERROR;
				GCC_WARN_UNDECLARED_SELECTOR = YES;
				GCC_WARN_UNINITIALIZED_AUTOS = YES_AGGRESSIVE;
				GCC_WARN_UNUSED_FUNCTION = YES;
				GCC_WARN_UNUSED_VARIABLE = YES;
				IPHONEOS_DEPLOYMENT_TARGET = 10.3;
				MTL_ENABLE_DEBUG_INFO = YES;
				ONLY_ACTIVE_ARCH = YES;
				SDKROOT = iphoneos;
				SWIFT_ACTIVE_COMPILATION_CONDITIONS = DEBUG;
				SWIFT_OPTIMIZATION_LEVEL = "-Onone";
				TARGETED_DEVICE_FAMILY = "1,2";
			};
			name = Debug;
		};
		F7A91FA71F008AF4003278EB /* Release */ = {
			isa = XCBuildConfiguration;
			buildSettings = {
				ALWAYS_SEARCH_USER_PATHS = NO;
				CLANG_ANALYZER_NONNULL = YES;
				CLANG_ANALYZER_NUMBER_OBJECT_CONVERSION = YES_AGGRESSIVE;
				CLANG_CXX_LANGUAGE_STANDARD = "gnu++0x";
				CLANG_CXX_LIBRARY = "libc++";
				CLANG_ENABLE_MODULES = YES;
				CLANG_ENABLE_OBJC_ARC = YES;
				CLANG_WARN_BOOL_CONVERSION = YES;
				CLANG_WARN_CONSTANT_CONVERSION = YES;
				CLANG_WARN_DIRECT_OBJC_ISA_USAGE = YES_ERROR;
				CLANG_WARN_DOCUMENTATION_COMMENTS = YES;
				CLANG_WARN_EMPTY_BODY = YES;
				CLANG_WARN_ENUM_CONVERSION = YES;
				CLANG_WARN_INFINITE_RECURSION = YES;
				CLANG_WARN_INT_CONVERSION = YES;
				CLANG_WARN_OBJC_ROOT_CLASS = YES_ERROR;
				CLANG_WARN_SUSPICIOUS_MOVE = YES;
				CLANG_WARN_UNREACHABLE_CODE = YES;
				CLANG_WARN__DUPLICATE_METHOD_MATCH = YES;
				"CODE_SIGN_IDENTITY[sdk=iphoneos*]" = "iPhone Developer";
				COPY_PHASE_STRIP = NO;
				DEBUG_INFORMATION_FORMAT = "dwarf-with-dsym";
				ENABLE_NS_ASSERTIONS = NO;
				ENABLE_STRICT_OBJC_MSGSEND = YES;
				GCC_C_LANGUAGE_STANDARD = gnu99;
				GCC_NO_COMMON_BLOCKS = YES;
				GCC_WARN_64_TO_32_BIT_CONVERSION = YES;
				GCC_WARN_ABOUT_RETURN_TYPE = YES_ERROR;
				GCC_WARN_UNDECLARED_SELECTOR = YES;
				GCC_WARN_UNINITIALIZED_AUTOS = YES_AGGRESSIVE;
				GCC_WARN_UNUSED_FUNCTION = YES;
				GCC_WARN_UNUSED_VARIABLE = YES;
				IPHONEOS_DEPLOYMENT_TARGET = 10.3;
				MTL_ENABLE_DEBUG_INFO = NO;
				SDKROOT = iphoneos;
				SWIFT_OPTIMIZATION_LEVEL = "-Owholemodule";
				TARGETED_DEVICE_FAMILY = "1,2";
				VALIDATE_PRODUCT = YES;
			};
			name = Release;
		};
		F7A91FA91F008AF4003278EB /* Debug */ = {
			isa = XCBuildConfiguration;
			buildSettings = {
				ASSETCATALOG_COMPILER_APPICON_NAME = AppIcon;
				DEVELOPMENT_TEAM = H9K3EBE8A3;
				INFOPLIST_FILE = SushiNeko/Info.plist;
				LD_RUNPATH_SEARCH_PATHS = "$(inherited) @executable_path/Frameworks";
				PRODUCT_BUNDLE_IDENTIFIER = SreehariRamMohan.SushiNeko;
				PRODUCT_NAME = "$(TARGET_NAME)";
				SWIFT_VERSION = 3.0;
			};
			name = Debug;
		};
		F7A91FAA1F008AF4003278EB /* Release */ = {
			isa = XCBuildConfiguration;
			buildSettings = {
				ASSETCATALOG_COMPILER_APPICON_NAME = AppIcon;
				DEVELOPMENT_TEAM = H9K3EBE8A3;
				INFOPLIST_FILE = SushiNeko/Info.plist;
				LD_RUNPATH_SEARCH_PATHS = "$(inherited) @executable_path/Frameworks";
				PRODUCT_BUNDLE_IDENTIFIER = SreehariRamMohan.SushiNeko;
				PRODUCT_NAME = "$(TARGET_NAME)";
				SWIFT_VERSION = 3.0;
			};
			name = Release;
		};
		F7A91FAC1F008AF4003278EB /* Debug */ = {
			isa = XCBuildConfiguration;
			buildSettings = {
				ALWAYS_EMBED_SWIFT_STANDARD_LIBRARIES = YES;
				BUNDLE_LOADER = "$(TEST_HOST)";
				DEVELOPMENT_TEAM = H9K3EBE8A3;
				INFOPLIST_FILE = SushiNekoTests/Info.plist;
				LD_RUNPATH_SEARCH_PATHS = "$(inherited) @executable_path/Frameworks @loader_path/Frameworks";
				PRODUCT_BUNDLE_IDENTIFIER = SreehariRamMohan.SushiNekoTests;
				PRODUCT_NAME = "$(TARGET_NAME)";
				SWIFT_VERSION = 3.0;
				TEST_HOST = "$(BUILT_PRODUCTS_DIR)/SushiNeko.app/SushiNeko";
			};
			name = Debug;
		};
		F7A91FAD1F008AF4003278EB /* Release */ = {
			isa = XCBuildConfiguration;
			buildSettings = {
				ALWAYS_EMBED_SWIFT_STANDARD_LIBRARIES = YES;
				BUNDLE_LOADER = "$(TEST_HOST)";
				DEVELOPMENT_TEAM = H9K3EBE8A3;
				INFOPLIST_FILE = SushiNekoTests/Info.plist;
				LD_RUNPATH_SEARCH_PATHS = "$(inherited) @executable_path/Frameworks @loader_path/Frameworks";
				PRODUCT_BUNDLE_IDENTIFIER = SreehariRamMohan.SushiNekoTests;
				PRODUCT_NAME = "$(TARGET_NAME)";
				SWIFT_VERSION = 3.0;
				TEST_HOST = "$(BUILT_PRODUCTS_DIR)/SushiNeko.app/SushiNeko";
			};
			name = Release;
		};
		F7A91FAF1F008AF4003278EB /* Debug */ = {
			isa = XCBuildConfiguration;
			buildSettings = {
				ALWAYS_EMBED_SWIFT_STANDARD_LIBRARIES = YES;
				DEVELOPMENT_TEAM = H9K3EBE8A3;
				INFOPLIST_FILE = SushiNekoUITests/Info.plist;
				LD_RUNPATH_SEARCH_PATHS = "$(inherited) @executable_path/Frameworks @loader_path/Frameworks";
				PRODUCT_BUNDLE_IDENTIFIER = SreehariRamMohan.SushiNekoUITests;
				PRODUCT_NAME = "$(TARGET_NAME)";
				SWIFT_VERSION = 3.0;
				TEST_TARGET_NAME = SushiNeko;
			};
			name = Debug;
		};
		F7A91FB01F008AF4003278EB /* Release */ = {
			isa = XCBuildConfiguration;
			buildSettings = {
				ALWAYS_EMBED_SWIFT_STANDARD_LIBRARIES = YES;
				DEVELOPMENT_TEAM = H9K3EBE8A3;
				INFOPLIST_FILE = SushiNekoUITests/Info.plist;
				LD_RUNPATH_SEARCH_PATHS = "$(inherited) @executable_path/Frameworks @loader_path/Frameworks";
				PRODUCT_BUNDLE_IDENTIFIER = SreehariRamMohan.SushiNekoUITests;
				PRODUCT_NAME = "$(TARGET_NAME)";
				SWIFT_VERSION = 3.0;
				TEST_TARGET_NAME = SushiNeko;
			};
			name = Release;
		};
/* End XCBuildConfiguration section */

/* Begin XCConfigurationList section */
		F7A91F751F008AF4003278EB /* Build configuration list for PBXProject "SushiNeko" */ = {
			isa = XCConfigurationList;
			buildConfigurations = (
				F7A91FA61F008AF4003278EB /* Debug */,
				F7A91FA71F008AF4003278EB /* Release */,
			);
			defaultConfigurationIsVisible = 0;
			defaultConfigurationName = Release;
		};
		F7A91FA81F008AF4003278EB /* Build configuration list for PBXNativeTarget "SushiNeko" */ = {
			isa = XCConfigurationList;
			buildConfigurations = (
				F7A91FA91F008AF4003278EB /* Debug */,
				F7A91FAA1F008AF4003278EB /* Release */,
			);
			defaultConfigurationIsVisible = 0;
			defaultConfigurationName = Release;
		};
		F7A91FAB1F008AF4003278EB /* Build configuration list for PBXNativeTarget "SushiNekoTests" */ = {
			isa = XCConfigurationList;
			buildConfigurations = (
				F7A91FAC1F008AF4003278EB /* Debug */,
				F7A91FAD1F008AF4003278EB /* Release */,
			);
			defaultConfigurationIsVisible = 0;
			defaultConfigurationName = Release;
		};
		F7A91FAE1F008AF4003278EB /* Build configuration list for PBXNativeTarget "SushiNekoUITests" */ = {
			isa = XCConfigurationList;
			buildConfigurations = (
				F7A91FAF1F008AF4003278EB /* Debug */,
				F7A91FB01F008AF4003278EB /* Release */,
			);
			defaultConfigurationIsVisible = 0;
			defaultConfigurationName = Release;
		};
/* End XCConfigurationList section */
	};
	rootObject = F7A91F721F008AF4003278EB /* Project object */;
}
